
Microsoft Visual Studio Solution File, Format Version 12.00
# Visual Studio 2013
VisualStudioVersion = 12.0.40629.0
MinimumVisualStudioVersion = 10.0.40219.1
Project("{F184B08F-C81C-45F6-A57F-5ABD9991F28F}") = "ClimsoftVer4", "ClimsoftVer4\ClimsoftVer4.vbproj", "{8D89B70E-E6D5-4383-9C2C-80F532A26F1D}"
EndProject
Global
	GlobalSection(SolutionConfigurationPlatforms) = preSolution
		Debug|Any CPU = Debug|Any CPU
		Release|Any CPU = Release|Any CPU
	EndGlobalSection
	GlobalSection(ProjectConfigurationPlatforms) = postSolution
		{8D89B70E-E6D5-4383-9C2C-80F532A26F1D}.Debug|Any CPU.ActiveCfg = Debug|Any CPU
		{8D89B70E-E6D5-4383-9C2C-80F532A26F1D}.Debug|Any CPU.Build.0 = Debug|Any CPU
		{8D89B70E-E6D5-4383-9C2C-80F532A26F1D}.Release|Any CPU.ActiveCfg = Release|Any CPU
		{8D89B70E-E6D5-4383-9C2C-80F532A26F1D}.Release|Any CPU.Build.0 = Release|Any CPU
	EndGlobalSection
	GlobalSection(SolutionProperties) = preSolution
		HideSolutionNode = FALSE
	EndGlobalSection
EndGlobal
